
Microsoft Visual Studio Solution File, Format Version 12.00
# Visual Studio 2012
Project("{FAE04EC0-301F-11D3-BF4B-00C04F79EFBC}") = "ExpandableList", "ExpandableList\ExpandableList.csproj", "{F6025034-7C9C-4B40-9AD8-F537A229AA73}"
EndProject
Project("{FAE04EC0-301F-11D3-BF4B-00C04F79EFBC}") = "ExpandTVC", "ExpandTVC\ExpandTVC.csproj", "{5F550E3A-BB6D-44DF-8F4A-9101EA3EBB88}"
EndProject
Project("{FAE04EC0-301F-11D3-BF4B-00C04F79EFBC}") = "ExpandListView", "ExpandListView\ExpandListView.csproj", "{DD16173A-EDD7-477B-B0BE-E557E5FD32CA}"
EndProject
Global
	GlobalSection(SolutionConfigurationPlatforms) = preSolution
		Debug|Any CPU = Debug|Any CPU
		Release|Any CPU = Release|Any CPU
		Debug|iPhoneSimulator = Debug|iPhoneSimulator
		Release|iPhone = Release|iPhone
		Release|iPhoneSimulator = Release|iPhoneSimulator
		Debug|iPhone = Debug|iPhone
	EndGlobalSection
	GlobalSection(ProjectConfigurationPlatforms) = postSolution
		{5F550E3A-BB6D-44DF-8F4A-9101EA3EBB88}.Debug|Any CPU.ActiveCfg = Debug|iPhoneSimulator
		{5F550E3A-BB6D-44DF-8F4A-9101EA3EBB88}.Debug|Any CPU.Build.0 = Debug|iPhoneSimulator
		{5F550E3A-BB6D-44DF-8F4A-9101EA3EBB88}.Debug|iPhone.ActiveCfg = Debug|iPhone
		{5F550E3A-BB6D-44DF-8F4A-9101EA3EBB88}.Debug|iPhone.Build.0 = Debug|iPhone
		{5F550E3A-BB6D-44DF-8F4A-9101EA3EBB88}.Debug|iPhoneSimulator.ActiveCfg = Debug|iPhoneSimulator
		{5F550E3A-BB6D-44DF-8F4A-9101EA3EBB88}.Debug|iPhoneSimulator.Build.0 = Debug|iPhoneSimulator
		{5F550E3A-BB6D-44DF-8F4A-9101EA3EBB88}.Release|Any CPU.ActiveCfg = Release|iPhone
		{5F550E3A-BB6D-44DF-8F4A-9101EA3EBB88}.Release|Any CPU.Build.0 = Release|iPhone
		{5F550E3A-BB6D-44DF-8F4A-9101EA3EBB88}.Release|iPhone.ActiveCfg = Release|iPhone
		{5F550E3A-BB6D-44DF-8F4A-9101EA3EBB88}.Release|iPhone.Build.0 = Release|iPhone
		{5F550E3A-BB6D-44DF-8F4A-9101EA3EBB88}.Release|iPhoneSimulator.ActiveCfg = Release|iPhoneSimulator
		{5F550E3A-BB6D-44DF-8F4A-9101EA3EBB88}.Release|iPhoneSimulator.Build.0 = Release|iPhoneSimulator
		{DD16173A-EDD7-477B-B0BE-E557E5FD32CA}.Debug|Any CPU.ActiveCfg = Debug|Any CPU
		{DD16173A-EDD7-477B-B0BE-E557E5FD32CA}.Debug|Any CPU.Build.0 = Debug|Any CPU
		{DD16173A-EDD7-477B-B0BE-E557E5FD32CA}.Debug|iPhone.ActiveCfg = Debug|Any CPU
		{DD16173A-EDD7-477B-B0BE-E557E5FD32CA}.Debug|iPhone.Build.0 = Debug|Any CPU
		{DD16173A-EDD7-477B-B0BE-E557E5FD32CA}.Debug|iPhoneSimulator.ActiveCfg = Debug|Any CPU
		{DD16173A-EDD7-477B-B0BE-E557E5FD32CA}.Debug|iPhoneSimulator.Build.0 = Debug|Any CPU
		{DD16173A-EDD7-477B-B0BE-E557E5FD32CA}.Release|Any CPU.ActiveCfg = Release|Any CPU
		{DD16173A-EDD7-477B-B0BE-E557E5FD32CA}.Release|Any CPU.Build.0 = Release|Any CPU
		{DD16173A-EDD7-477B-B0BE-E557E5FD32CA}.Release|iPhone.ActiveCfg = Release|Any CPU
		{DD16173A-EDD7-477B-B0BE-E557E5FD32CA}.Release|iPhone.Build.0 = Release|Any CPU
		{DD16173A-EDD7-477B-B0BE-E557E5FD32CA}.Release|iPhoneSimulator.ActiveCfg = Release|Any CPU
		{DD16173A-EDD7-477B-B0BE-E557E5FD32CA}.Release|iPhoneSimulator.Build.0 = Release|Any CPU
		{F6025034-7C9C-4B40-9AD8-F537A229AA73}.Debug|Any CPU.ActiveCfg = Debug|Any CPU
		{F6025034-7C9C-4B40-9AD8-F537A229AA73}.Debug|Any CPU.Build.0 = Debug|Any CPU
		{F6025034-7C9C-4B40-9AD8-F537A229AA73}.Debug|iPhone.ActiveCfg = Debug|Any CPU
		{F6025034-7C9C-4B40-9AD8-F537A229AA73}.Debug|iPhone.Build.0 = Debug|Any CPU
		{F6025034-7C9C-4B40-9AD8-F537A229AA73}.Debug|iPhoneSimulator.ActiveCfg = Debug|Any CPU
		{F6025034-7C9C-4B40-9AD8-F537A229AA73}.Debug|iPhoneSimulator.Build.0 = Debug|Any CPU
		{F6025034-7C9C-4B40-9AD8-F537A229AA73}.Release|Any CPU.ActiveCfg = Release|Any CPU
		{F6025034-7C9C-4B40-9AD8-F537A229AA73}.Release|Any CPU.Build.0 = Release|Any CPU
		{F6025034-7C9C-4B40-9AD8-F537A229AA73}.Release|iPhone.ActiveCfg = Release|Any CPU
		{F6025034-7C9C-4B40-9AD8-F537A229AA73}.Release|iPhone.Build.0 = Release|Any CPU
		{F6025034-7C9C-4B40-9AD8-F537A229AA73}.Release|iPhoneSimulator.ActiveCfg = Release|Any CPU
		{F6025034-7C9C-4B40-9AD8-F537A229AA73}.Release|iPhoneSimulator.Build.0 = Release|Any CPU
	EndGlobalSection
EndGlobal
